
Microsoft Visual Studio Solution File, Format Version 12.00
# Visual Studio 15
VisualStudioVersion = 15.0.26730.12
MinimumVisualStudioVersion = 10.0.40219.1
Project("{FAE04EC0-301F-11D3-BF4B-00C04F79EFBC}") = "ChatRoomProject", "ChatRoomProject.csproj", "{84DAF831-B2B6-450D-938A-1F48E09B41D3}"
EndProject
Project("{FAE04EC0-301F-11D3-BF4B-00C04F79EFBC}") = "ChatRoomProjectTests", "..\ChatRoomProjectTests\ChatRoomProjectTests.csproj", "{59AE75A3-3582-4EBB-AA87-494BAA174423}"
EndProject
Global
	GlobalSection(SolutionConfigurationPlatforms) = preSolution
		Debug|Any CPU = Debug|Any CPU
		Release|Any CPU = Release|Any CPU
	EndGlobalSection
	GlobalSection(ProjectConfigurationPlatforms) = postSolution
		{84DAF831-B2B6-450D-938A-1F48E09B41D3}.Debug|Any CPU.ActiveCfg = Debug|Any CPU
		{84DAF831-B2B6-450D-938A-1F48E09B41D3}.Debug|Any CPU.Build.0 = Debug|Any CPU
		{84DAF831-B2B6-450D-938A-1F48E09B41D3}.Release|Any CPU.ActiveCfg = Release|Any CPU
		{84DAF831-B2B6-450D-938A-1F48E09B41D3}.Release|Any CPU.Build.0 = Release|Any CPU
		{59AE75A3-3582-4EBB-AA87-494BAA174423}.Debug|Any CPU.ActiveCfg = Debug|Any CPU
		{59AE75A3-3582-4EBB-AA87-494BAA174423}.Debug|Any CPU.Build.0 = Debug|Any CPU
		{59AE75A3-3582-4EBB-AA87-494BAA174423}.Release|Any CPU.ActiveCfg = Release|Any CPU
		{59AE75A3-3582-4EBB-AA87-494BAA174423}.Release|Any CPU.Build.0 = Release|Any CPU
	EndGlobalSection
	GlobalSection(SolutionProperties) = preSolution
		HideSolutionNode = FALSE
	EndGlobalSection
	GlobalSection(ExtensibilityGlobals) = postSolution
		SolutionGuid = {1A2CF41A-6D49-45E4-BAA9-F6B3DCCE77AD}
	EndGlobalSection
EndGlobal
