
Microsoft Visual Studio Solution File, Format Version 12.00
# Visual Studio 15
VisualStudioVersion = 15.0.27428.1
MinimumVisualStudioVersion = 10.0.40219.1
Project("{FAE04EC0-301F-11D3-BF4B-00C04F79EFBC}") = "SE", "SE.csproj", "{6AF4639F-5CE6-415C-9116-1D2BAF24D4EF}"
EndProject
Global
	GlobalSection(SolutionConfigurationPlatforms) = preSolution
		Debug|Any CPU = Debug|Any CPU
		Debug|x86 = Debug|x86
		Release|Any CPU = Release|Any CPU
		Release|x86 = Release|x86
	EndGlobalSection
	GlobalSection(ProjectConfigurationPlatforms) = postSolution
		{6AF4639F-5CE6-415C-9116-1D2BAF24D4EF}.Debug|Any CPU.ActiveCfg = Debug|x86
		{6AF4639F-5CE6-415C-9116-1D2BAF24D4EF}.Debug|x86.ActiveCfg = Debug|x86
		{6AF4639F-5CE6-415C-9116-1D2BAF24D4EF}.Debug|x86.Build.0 = Debug|x86
		{6AF4639F-5CE6-415C-9116-1D2BAF24D4EF}.Release|Any CPU.ActiveCfg = Release|x86
		{6AF4639F-5CE6-415C-9116-1D2BAF24D4EF}.Release|x86.ActiveCfg = Release|x86
		{6AF4639F-5CE6-415C-9116-1D2BAF24D4EF}.Release|x86.Build.0 = Release|x86
	EndGlobalSection
	GlobalSection(SolutionProperties) = preSolution
		HideSolutionNode = FALSE
	EndGlobalSection
	GlobalSection(ExtensibilityGlobals) = postSolution
		SolutionGuid = {D5899BD8-D5E2-4196-9BC2-6C4820997480}
	EndGlobalSection
EndGlobal
