
Microsoft Visual Studio Solution File, Format Version 12.00
# Visual Studio 15
VisualStudioVersion = 15.0.26430.12
MinimumVisualStudioVersion = 10.0.40219.1
Project("{FAE04EC0-301F-11D3-BF4B-00C04F79EFBC}") = "ChatRoomProject", "ChatRoomProject\ChatRoomProject.csproj", "{EB59124D-47BE-4584-A42E-31F6F8315045}"
EndProject
Global
	GlobalSection(SolutionConfigurationPlatforms) = preSolution
		Debug|Any CPU = Debug|Any CPU
		Release|Any CPU = Release|Any CPU
	EndGlobalSection
	GlobalSection(ProjectConfigurationPlatforms) = postSolution
		{EB59124D-47BE-4584-A42E-31F6F8315045}.Debug|Any CPU.ActiveCfg = Debug|Any CPU
		{EB59124D-47BE-4584-A42E-31F6F8315045}.Debug|Any CPU.Build.0 = Debug|Any CPU
		{EB59124D-47BE-4584-A42E-31F6F8315045}.Release|Any CPU.ActiveCfg = Release|Any CPU
		{EB59124D-47BE-4584-A42E-31F6F8315045}.Release|Any CPU.Build.0 = Release|Any CPU
	EndGlobalSection
	GlobalSection(SolutionProperties) = preSolution
		HideSolutionNode = FALSE
	EndGlobalSection
	GlobalSection(ExtensibilityGlobals) = postSolution
		SolutionGuid = {8FFACF3C-A080-42E5-AE33-B38B4C2AD10A}
	EndGlobalSection
EndGlobal
